// !$*UTF8*$!
{
	archiveVersion = 1;
	classes = {
	};
	objectVersion = 50;
	objects = {

/* Begin PBXBuildFile section */
		02415CA823E1BA71004A9196 /* ViewModel.swift in Sources */ = {isa = PBXBuildFile; fileRef = 02415CA723E1BA71004A9196 /* ViewModel.swift */; };
		02415CAA23E1BD83004A9196 /* Spell.swift in Sources */ = {isa = PBXBuildFile; fileRef = 02415CA923E1BD83004A9196 /* Spell.swift */; };
		02415CAC23E1BE9D004A9196 /* Monster.swift in Sources */ = {isa = PBXBuildFile; fileRef = 02415CAB23E1BE9D004A9196 /* Monster.swift */; };
		02415CAE23E1BF9A004A9196 /* CombatViewController.swift in Sources */ = {isa = PBXBuildFile; fileRef = 02415CAD23E1BF9A004A9196 /* CombatViewController.swift */; };
		02415CB223E1D8C3004A9196 /* DndAPI.swift in Sources */ = {isa = PBXBuildFile; fileRef = 02415CB123E1D8C3004A9196 /* DndAPI.swift */; };
		02415CB423E1DE9B004A9196 /* APIService.swift in Sources */ = {isa = PBXBuildFile; fileRef = 02415CB323E1DE9B004A9196 /* APIService.swift */; };
		02415CB723E25D34004A9196 /* CombatTableCell.swift in Sources */ = {isa = PBXBuildFile; fileRef = 02415CB523E25D34004A9196 /* CombatTableCell.swift */; };
		02415CB823E25D34004A9196 /* CombatTableCell.xib in Resources */ = {isa = PBXBuildFile; fileRef = 02415CB623E25D34004A9196 /* CombatTableCell.xib */; };
		02415CBA23E78D26004A9196 /* MonsterSearchViewController.swift in Sources */ = {isa = PBXBuildFile; fileRef = 02415CB923E78D26004A9196 /* MonsterSearchViewController.swift */; };
		02415CBD23E8E1C0004A9196 /* MonsterTableCell.swift in Sources */ = {isa = PBXBuildFile; fileRef = 02415CBB23E8E1C0004A9196 /* MonsterTableCell.swift */; };
		02415CBE23E8E1C0004A9196 /* MonsterTableCell.xib in Resources */ = {isa = PBXBuildFile; fileRef = 02415CBC23E8E1C0004A9196 /* MonsterTableCell.xib */; };
		02415CC123EA5EF9004A9196 /* Combat.swift in Sources */ = {isa = PBXBuildFile; fileRef = 02415CC023EA5EF9004A9196 /* Combat.swift */; };
		02415CC323EAC016004A9196 /* String+extension.swift in Sources */ = {isa = PBXBuildFile; fileRef = 02415CC223EAC016004A9196 /* String+extension.swift */; };
		02415CC523EAE314004A9196 /* CombatDetailsViewController.swift in Sources */ = {isa = PBXBuildFile; fileRef = 02415CC423EAE314004A9196 /* CombatDetailsViewController.swift */; };
		02415CC723EAFC45004A9196 /* ViewController+Extension.swift in Sources */ = {isa = PBXBuildFile; fileRef = 02415CC623EAFC45004A9196 /* ViewController+Extension.swift */; };
		02415CC923EB150E004A9196 /* CoreManager.swift in Sources */ = {isa = PBXBuildFile; fileRef = 02415CC823EB150E004A9196 /* CoreManager.swift */; };
		02DBD2CB23E0735C0070D871 /* AppDelegate.swift in Sources */ = {isa = PBXBuildFile; fileRef = 02DBD2CA23E0735C0070D871 /* AppDelegate.swift */; };
		02DBD2CD23E0735C0070D871 /* SceneDelegate.swift in Sources */ = {isa = PBXBuildFile; fileRef = 02DBD2CC23E0735C0070D871 /* SceneDelegate.swift */; };
		02DBD2CF23E0735C0070D871 /* HomeViewController.swift in Sources */ = {isa = PBXBuildFile; fileRef = 02DBD2CE23E0735C0070D871 /* HomeViewController.swift */; };
		02DBD2D223E0735C0070D871 /* Main.storyboard in Resources */ = {isa = PBXBuildFile; fileRef = 02DBD2D023E0735C0070D871 /* Main.storyboard */; };
		02DBD2D523E0735C0070D871 /* DMBox.xcdatamodeld in Sources */ = {isa = PBXBuildFile; fileRef = 02DBD2D323E0735C0070D871 /* DMBox.xcdatamodeld */; };
		02DBD2D723E073620070D871 /* Assets.xcassets in Resources */ = {isa = PBXBuildFile; fileRef = 02DBD2D623E073620070D871 /* Assets.xcassets */; };
		02DBD2DA23E073620070D871 /* LaunchScreen.storyboard in Resources */ = {isa = PBXBuildFile; fileRef = 02DBD2D823E073620070D871 /* LaunchScreen.storyboard */; };
		02DBD2E523E073620070D871 /* DMBoxTests.swift in Sources */ = {isa = PBXBuildFile; fileRef = 02DBD2E423E073620070D871 /* DMBoxTests.swift */; };
		02DBD2F723E07BC70070D871 /* CampaignViewController.swift in Sources */ = {isa = PBXBuildFile; fileRef = 02DBD2F623E07BC70070D871 /* CampaignViewController.swift */; };
		02DBD2F923E07C740070D871 /* PlayersViewController.swift in Sources */ = {isa = PBXBuildFile; fileRef = 02DBD2F823E07C740070D871 /* PlayersViewController.swift */; };
		02DBD2FC23E07CE90070D871 /* PlayerViewCell.swift in Sources */ = {isa = PBXBuildFile; fileRef = 02DBD2FA23E07CE90070D871 /* PlayerViewCell.swift */; };
		02DBD2FD23E07CE90070D871 /* PlayerViewCell.xib in Resources */ = {isa = PBXBuildFile; fileRef = 02DBD2FB23E07CE90070D871 /* PlayerViewCell.xib */; };
		02DBD30023E0829E0070D871 /* PlayerCharacter.swift in Sources */ = {isa = PBXBuildFile; fileRef = 02DBD2FF23E0829E0070D871 /* PlayerCharacter.swift */; };
		02DBD30423E084830070D871 /* CharacterClass.swift in Sources */ = {isa = PBXBuildFile; fileRef = 02DBD30323E084830070D871 /* CharacterClass.swift */; };
		02DBD30723E087650070D871 /* CampaignElementViewCell.swift in Sources */ = {isa = PBXBuildFile; fileRef = 02DBD30523E087650070D871 /* CampaignElementViewCell.swift */; };
		02DBD30823E087650070D871 /* CampaignElementViewCell.xib in Resources */ = {isa = PBXBuildFile; fileRef = 02DBD30623E087650070D871 /* CampaignElementViewCell.xib */; };
/* End PBXBuildFile section */

/* Begin PBXContainerItemProxy section */
		02DBD2E123E073620070D871 /* PBXContainerItemProxy */ = {
			isa = PBXContainerItemProxy;
			containerPortal = 02DBD2BF23E0735C0070D871 /* Project object */;
			proxyType = 1;
			remoteGlobalIDString = 02DBD2C623E0735C0070D871;
			remoteInfo = DMBox;
		};
/* End PBXContainerItemProxy section */

/* Begin PBXFileReference section */
		02415CA723E1BA71004A9196 /* ViewModel.swift */ = {isa = PBXFileReference; lastKnownFileType = sourcecode.swift; path = ViewModel.swift; sourceTree = "<group>"; };
		02415CA923E1BD83004A9196 /* Spell.swift */ = {isa = PBXFileReference; lastKnownFileType = sourcecode.swift; path = Spell.swift; sourceTree = "<group>"; };
		02415CAB23E1BE9D004A9196 /* Monster.swift */ = {isa = PBXFileReference; lastKnownFileType = sourcecode.swift; path = Monster.swift; sourceTree = "<group>"; };
		02415CAD23E1BF9A004A9196 /* CombatViewController.swift */ = {isa = PBXFileReference; lastKnownFileType = sourcecode.swift; path = CombatViewController.swift; sourceTree = "<group>"; };
		02415CB123E1D8C3004A9196 /* DndAPI.swift */ = {isa = PBXFileReference; lastKnownFileType = sourcecode.swift; path = DndAPI.swift; sourceTree = "<group>"; };
		02415CB323E1DE9B004A9196 /* APIService.swift */ = {isa = PBXFileReference; lastKnownFileType = sourcecode.swift; path = APIService.swift; sourceTree = "<group>"; };
		02415CB523E25D34004A9196 /* CombatTableCell.swift */ = {isa = PBXFileReference; lastKnownFileType = sourcecode.swift; path = CombatTableCell.swift; sourceTree = "<group>"; };
		02415CB623E25D34004A9196 /* CombatTableCell.xib */ = {isa = PBXFileReference; lastKnownFileType = file.xib; path = CombatTableCell.xib; sourceTree = "<group>"; };
		02415CB923E78D26004A9196 /* MonsterSearchViewController.swift */ = {isa = PBXFileReference; lastKnownFileType = sourcecode.swift; path = MonsterSearchViewController.swift; sourceTree = "<group>"; };
		02415CBB23E8E1C0004A9196 /* MonsterTableCell.swift */ = {isa = PBXFileReference; lastKnownFileType = sourcecode.swift; path = MonsterTableCell.swift; sourceTree = "<group>"; };
		02415CBC23E8E1C0004A9196 /* MonsterTableCell.xib */ = {isa = PBXFileReference; lastKnownFileType = file.xib; path = MonsterTableCell.xib; sourceTree = "<group>"; };
		02415CC023EA5EF9004A9196 /* Combat.swift */ = {isa = PBXFileReference; lastKnownFileType = sourcecode.swift; path = Combat.swift; sourceTree = "<group>"; };
		02415CC223EAC016004A9196 /* String+extension.swift */ = {isa = PBXFileReference; lastKnownFileType = sourcecode.swift; path = "String+extension.swift"; sourceTree = "<group>"; };
		02415CC423EAE314004A9196 /* CombatDetailsViewController.swift */ = {isa = PBXFileReference; lastKnownFileType = sourcecode.swift; path = CombatDetailsViewController.swift; sourceTree = "<group>"; };
		02415CC623EAFC45004A9196 /* ViewController+Extension.swift */ = {isa = PBXFileReference; lastKnownFileType = sourcecode.swift; path = "ViewController+Extension.swift"; sourceTree = "<group>"; };
		02415CC823EB150E004A9196 /* CoreManager.swift */ = {isa = PBXFileReference; lastKnownFileType = sourcecode.swift; path = CoreManager.swift; sourceTree = "<group>"; };
		02DBD2C723E0735C0070D871 /* DMBox.app */ = {isa = PBXFileReference; explicitFileType = wrapper.application; includeInIndex = 0; path = DMBox.app; sourceTree = BUILT_PRODUCTS_DIR; };
		02DBD2CA23E0735C0070D871 /* AppDelegate.swift */ = {isa = PBXFileReference; lastKnownFileType = sourcecode.swift; path = AppDelegate.swift; sourceTree = "<group>"; };
		02DBD2CC23E0735C0070D871 /* SceneDelegate.swift */ = {isa = PBXFileReference; lastKnownFileType = sourcecode.swift; path = SceneDelegate.swift; sourceTree = "<group>"; };
		02DBD2CE23E0735C0070D871 /* HomeViewController.swift */ = {isa = PBXFileReference; lastKnownFileType = sourcecode.swift; path = HomeViewController.swift; sourceTree = "<group>"; };
		02DBD2D123E0735C0070D871 /* Base */ = {isa = PBXFileReference; lastKnownFileType = file.storyboard; name = Base; path = Base.lproj/Main.storyboard; sourceTree = "<group>"; };
		02DBD2D423E0735C0070D871 /* DMBox.xcdatamodel */ = {isa = PBXFileReference; lastKnownFileType = wrapper.xcdatamodel; path = DMBox.xcdatamodel; sourceTree = "<group>"; };
		02DBD2D623E073620070D871 /* Assets.xcassets */ = {isa = PBXFileReference; lastKnownFileType = folder.assetcatalog; path = Assets.xcassets; sourceTree = "<group>"; };
		02DBD2D923E073620070D871 /* Base */ = {isa = PBXFileReference; lastKnownFileType = file.storyboard; name = Base; path = Base.lproj/LaunchScreen.storyboard; sourceTree = "<group>"; };
		02DBD2DB23E073620070D871 /* Info.plist */ = {isa = PBXFileReference; lastKnownFileType = text.plist.xml; path = Info.plist; sourceTree = "<group>"; };
		02DBD2E023E073620070D871 /* DMBoxTests.xctest */ = {isa = PBXFileReference; explicitFileType = wrapper.cfbundle; includeInIndex = 0; path = DMBoxTests.xctest; sourceTree = BUILT_PRODUCTS_DIR; };
		02DBD2E423E073620070D871 /* DMBoxTests.swift */ = {isa = PBXFileReference; lastKnownFileType = sourcecode.swift; path = DMBoxTests.swift; sourceTree = "<group>"; };
		02DBD2E623E073620070D871 /* Info.plist */ = {isa = PBXFileReference; lastKnownFileType = text.plist.xml; path = Info.plist; sourceTree = "<group>"; };
		02DBD2F623E07BC70070D871 /* CampaignViewController.swift */ = {isa = PBXFileReference; lastKnownFileType = sourcecode.swift; path = CampaignViewController.swift; sourceTree = "<group>"; };
		02DBD2F823E07C740070D871 /* PlayersViewController.swift */ = {isa = PBXFileReference; lastKnownFileType = sourcecode.swift; path = PlayersViewController.swift; sourceTree = "<group>"; };
		02DBD2FA23E07CE90070D871 /* PlayerViewCell.swift */ = {isa = PBXFileReference; lastKnownFileType = sourcecode.swift; path = PlayerViewCell.swift; sourceTree = "<group>"; };
		02DBD2FB23E07CE90070D871 /* PlayerViewCell.xib */ = {isa = PBXFileReference; lastKnownFileType = file.xib; path = PlayerViewCell.xib; sourceTree = "<group>"; };
		02DBD2FF23E0829E0070D871 /* PlayerCharacter.swift */ = {isa = PBXFileReference; lastKnownFileType = sourcecode.swift; path = PlayerCharacter.swift; sourceTree = "<group>"; };
		02DBD30323E084830070D871 /* CharacterClass.swift */ = {isa = PBXFileReference; lastKnownFileType = sourcecode.swift; path = CharacterClass.swift; sourceTree = "<group>"; };
		02DBD30523E087650070D871 /* CampaignElementViewCell.swift */ = {isa = PBXFileReference; lastKnownFileType = sourcecode.swift; path = CampaignElementViewCell.swift; sourceTree = "<group>"; };
		02DBD30623E087650070D871 /* CampaignElementViewCell.xib */ = {isa = PBXFileReference; lastKnownFileType = file.xib; path = CampaignElementViewCell.xib; sourceTree = "<group>"; };
/* End PBXFileReference section */

/* Begin PBXFrameworksBuildPhase section */
		02DBD2C423E0735C0070D871 /* Frameworks */ = {
			isa = PBXFrameworksBuildPhase;
			buildActionMask = 2147483647;
			files = (
			);
			runOnlyForDeploymentPostprocessing = 0;
		};
		02DBD2DD23E073620070D871 /* Frameworks */ = {
			isa = PBXFrameworksBuildPhase;
			buildActionMask = 2147483647;
			files = (
			);
			runOnlyForDeploymentPostprocessing = 0;
		};
/* End PBXFrameworksBuildPhase section */

/* Begin PBXGroup section */
		02415CBF23E8E1C5004A9196 /* MonsterTableCell */ = {
			isa = PBXGroup;
			children = (
				02415CBB23E8E1C0004A9196 /* MonsterTableCell.swift */,
				02415CBC23E8E1C0004A9196 /* MonsterTableCell.xib */,
			);
			path = MonsterTableCell;
			sourceTree = "<group>";
		};
		02DBD2BE23E0735C0070D871 = {
			isa = PBXGroup;
			children = (
				02DBD2C923E0735C0070D871 /* DMBox */,
				02DBD2E323E073620070D871 /* DMBoxTests */,
				02DBD2C823E0735C0070D871 /* Products */,
			);
			sourceTree = "<group>";
		};
		02DBD2C823E0735C0070D871 /* Products */ = {
			isa = PBXGroup;
			children = (
				02DBD2C723E0735C0070D871 /* DMBox.app */,
				02DBD2E023E073620070D871 /* DMBoxTests.xctest */,
			);
			name = Products;
			sourceTree = "<group>";
		};
		02DBD2C923E0735C0070D871 /* DMBox */ = {
			isa = PBXGroup;
			children = (
				02DBD2F423E076020070D871 /* Model */,
				02DBD2F323E075FE0070D871 /* View */,
				02DBD2F523E076440070D871 /* ViewControllers */,
				02DBD2F223E075E10070D871 /* ViewModel */,
				02DBD2F023E075D10070D871 /* Storyboards */,
				02DBD2EF23E075CA0070D871 /* Services */,
				02DBD2F123E075DA0070D871 /* Extensions */,
				02DBD2CA23E0735C0070D871 /* AppDelegate.swift */,
				02DBD2CC23E0735C0070D871 /* SceneDelegate.swift */,
				02DBD2DB23E073620070D871 /* Info.plist */,
			);
			path = DMBox;
			sourceTree = "<group>";
		};
		02DBD2E323E073620070D871 /* DMBoxTests */ = {
			isa = PBXGroup;
			children = (
				02DBD2E423E073620070D871 /* DMBoxTests.swift */,
				02DBD2E623E073620070D871 /* Info.plist */,
			);
			path = DMBoxTests;
			sourceTree = "<group>";
		};
		02DBD2EF23E075CA0070D871 /* Services */ = {
			isa = PBXGroup;
			children = (
				02415CB123E1D8C3004A9196 /* DndAPI.swift */,
				02415CB323E1DE9B004A9196 /* APIService.swift */,
				02415CC823EB150E004A9196 /* CoreManager.swift */,
			);
			path = Services;
			sourceTree = "<group>";
		};
		02DBD2F023E075D10070D871 /* Storyboards */ = {
			isa = PBXGroup;
			children = (
				02DBD2D023E0735C0070D871 /* Main.storyboard */,
				02DBD2D823E073620070D871 /* LaunchScreen.storyboard */,
			);
			path = Storyboards;
			sourceTree = "<group>";
		};
		02DBD2F123E075DA0070D871 /* Extensions */ = {
			isa = PBXGroup;
			children = (
				02415CC223EAC016004A9196 /* String+extension.swift */,
				02415CC623EAFC45004A9196 /* ViewController+Extension.swift */,
			);
			path = Extensions;
			sourceTree = "<group>";
		};
		02DBD2F223E075E10070D871 /* ViewModel */ = {
			isa = PBXGroup;
			children = (
				02415CA723E1BA71004A9196 /* ViewModel.swift */,
			);
			path = ViewModel;
			sourceTree = "<group>";
		};
		02DBD2F323E075FE0070D871 /* View */ = {
			isa = PBXGroup;
			children = (
				02DBD2D623E073620070D871 /* Assets.xcassets */,
				02DBD2FE23E07CF10070D871 /* PlayersTableView */,
				02415CBF23E8E1C5004A9196 /* MonsterTableCell */,
				02DBD30523E087650070D871 /* CampaignElementViewCell.swift */,
				02DBD30623E087650070D871 /* CampaignElementViewCell.xib */,
				02415CB523E25D34004A9196 /* CombatTableCell.swift */,
				02415CB623E25D34004A9196 /* CombatTableCell.xib */,
			);
			path = View;
			sourceTree = "<group>";
		};
		02DBD2F423E076020070D871 /* Model */ = {
			isa = PBXGroup;
			children = (
				02DBD2D323E0735C0070D871 /* DMBox.xcdatamodeld */,
				02DBD30323E084830070D871 /* CharacterClass.swift */,
				02DBD2FF23E0829E0070D871 /* PlayerCharacter.swift */,
				02415CA923E1BD83004A9196 /* Spell.swift */,
				02415CAB23E1BE9D004A9196 /* Monster.swift */,
				02415CC023EA5EF9004A9196 /* Combat.swift */,
			);
			path = Model;
			sourceTree = "<group>";
		};
		02DBD2F523E076440070D871 /* ViewControllers */ = {
			isa = PBXGroup;
			children = (
				02DBD2CE23E0735C0070D871 /* HomeViewController.swift */,
				02DBD2F623E07BC70070D871 /* CampaignViewController.swift */,
				02415CAD23E1BF9A004A9196 /* CombatViewController.swift */,
				02415CC423EAE314004A9196 /* CombatDetailsViewController.swift */,
				02DBD2F823E07C740070D871 /* PlayersViewController.swift */,
				02415CB923E78D26004A9196 /* MonsterSearchViewController.swift */,
			);
			path = ViewControllers;
			sourceTree = "<group>";
		};
		02DBD2FE23E07CF10070D871 /* PlayersTableView */ = {
			isa = PBXGroup;
			children = (
				02DBD2FA23E07CE90070D871 /* PlayerViewCell.swift */,
				02DBD2FB23E07CE90070D871 /* PlayerViewCell.xib */,
			);
			path = PlayersTableView;
			sourceTree = "<group>";
		};
/* End PBXGroup section */

/* Begin PBXNativeTarget section */
		02DBD2C623E0735C0070D871 /* DMBox */ = {
			isa = PBXNativeTarget;
			buildConfigurationList = 02DBD2E923E073620070D871 /* Build configuration list for PBXNativeTarget "DMBox" */;
			buildPhases = (
				02DBD2C323E0735C0070D871 /* Sources */,
				02DBD2C423E0735C0070D871 /* Frameworks */,
				02DBD2C523E0735C0070D871 /* Resources */,
			);
			buildRules = (
			);
			dependencies = (
			);
			name = DMBox;
			productName = DMBox;
			productReference = 02DBD2C723E0735C0070D871 /* DMBox.app */;
			productType = "com.apple.product-type.application";
		};
		02DBD2DF23E073620070D871 /* DMBoxTests */ = {
			isa = PBXNativeTarget;
			buildConfigurationList = 02DBD2EC23E073620070D871 /* Build configuration list for PBXNativeTarget "DMBoxTests" */;
			buildPhases = (
				02DBD2DC23E073620070D871 /* Sources */,
				02DBD2DD23E073620070D871 /* Frameworks */,
				02DBD2DE23E073620070D871 /* Resources */,
			);
			buildRules = (
			);
			dependencies = (
				02DBD2E223E073620070D871 /* PBXTargetDependency */,
			);
			name = DMBoxTests;
			productName = DMBoxTests;
			productReference = 02DBD2E023E073620070D871 /* DMBoxTests.xctest */;
			productType = "com.apple.product-type.bundle.unit-test";
		};
/* End PBXNativeTarget section */

/* Begin PBXProject section */
		02DBD2BF23E0735C0070D871 /* Project object */ = {
			isa = PBXProject;
			attributes = {
				LastSwiftUpdateCheck = 1130;
				LastUpgradeCheck = 1130;
				ORGANIZATIONNAME = MAC;
				TargetAttributes = {
					02DBD2C623E0735C0070D871 = {
						CreatedOnToolsVersion = 11.3.1;
					};
					02DBD2DF23E073620070D871 = {
						CreatedOnToolsVersion = 11.3.1;
						TestTargetID = 02DBD2C623E0735C0070D871;
					};
				};
			};
			buildConfigurationList = 02DBD2C223E0735C0070D871 /* Build configuration list for PBXProject "DMBox" */;
			compatibilityVersion = "Xcode 9.3";
			developmentRegion = en;
			hasScannedForEncodings = 0;
			knownRegions = (
				en,
				Base,
			);
			mainGroup = 02DBD2BE23E0735C0070D871;
			productRefGroup = 02DBD2C823E0735C0070D871 /* Products */;
			projectDirPath = "";
			projectRoot = "";
			targets = (
				02DBD2C623E0735C0070D871 /* DMBox */,
				02DBD2DF23E073620070D871 /* DMBoxTests */,
			);
		};
/* End PBXProject section */

/* Begin PBXResourcesBuildPhase section */
		02DBD2C523E0735C0070D871 /* Resources */ = {
			isa = PBXResourcesBuildPhase;
			buildActionMask = 2147483647;
			files = (
				02DBD2DA23E073620070D871 /* LaunchScreen.storyboard in Resources */,
				02DBD2D723E073620070D871 /* Assets.xcassets in Resources */,
				02415CBE23E8E1C0004A9196 /* MonsterTableCell.xib in Resources */,
				02415CB823E25D34004A9196 /* CombatTableCell.xib in Resources */,
				02DBD2D223E0735C0070D871 /* Main.storyboard in Resources */,
				02DBD30823E087650070D871 /* CampaignElementViewCell.xib in Resources */,
				02DBD2FD23E07CE90070D871 /* PlayerViewCell.xib in Resources */,
			);
			runOnlyForDeploymentPostprocessing = 0;
		};
		02DBD2DE23E073620070D871 /* Resources */ = {
			isa = PBXResourcesBuildPhase;
			buildActionMask = 2147483647;
			files = (
			);
			runOnlyForDeploymentPostprocessing = 0;
		};
/* End PBXResourcesBuildPhase section */

/* Begin PBXSourcesBuildPhase section */
		02DBD2C323E0735C0070D871 /* Sources */ = {
			isa = PBXSourcesBuildPhase;
			buildActionMask = 2147483647;
			files = (
				02415CC923EB150E004A9196 /* CoreManager.swift in Sources */,
				02415CB423E1DE9B004A9196 /* APIService.swift in Sources */,
				02DBD30423E084830070D871 /* CharacterClass.swift in Sources */,
				02415CB723E25D34004A9196 /* CombatTableCell.swift in Sources */,
				02DBD2F723E07BC70070D871 /* CampaignViewController.swift in Sources */,
				02415CAE23E1BF9A004A9196 /* CombatViewController.swift in Sources */,
				02415CC323EAC016004A9196 /* String+extension.swift in Sources */,
				02DBD30723E087650070D871 /* CampaignElementViewCell.swift in Sources */,
				02415CBA23E78D26004A9196 /* MonsterSearchViewController.swift in Sources */,
				02DBD2D523E0735C0070D871 /* DMBox.xcdatamodeld in Sources */,
				02DBD30023E0829E0070D871 /* PlayerCharacter.swift in Sources */,
				02DBD2CF23E0735C0070D871 /* HomeViewController.swift in Sources */,
				02415CC723EAFC45004A9196 /* ViewController+Extension.swift in Sources */,
				02415CB223E1D8C3004A9196 /* DndAPI.swift in Sources */,
				02415CAC23E1BE9D004A9196 /* Monster.swift in Sources */,
				02DBD2CB23E0735C0070D871 /* AppDelegate.swift in Sources */,
				02415CC123EA5EF9004A9196 /* Combat.swift in Sources */,
				02DBD2CD23E0735C0070D871 /* SceneDelegate.swift in Sources */,
				02DBD2F923E07C740070D871 /* PlayersViewController.swift in Sources */,
				02415CA823E1BA71004A9196 /* ViewModel.swift in Sources */,
				02415CAA23E1BD83004A9196 /* Spell.swift in Sources */,
				02415CC523EAE314004A9196 /* CombatDetailsViewController.swift in Sources */,
				02415CBD23E8E1C0004A9196 /* MonsterTableCell.swift in Sources */,
				02DBD2FC23E07CE90070D871 /* PlayerViewCell.swift in Sources */,
			);
			runOnlyForDeploymentPostprocessing = 0;
		};
		02DBD2DC23E073620070D871 /* Sources */ = {
			isa = PBXSourcesBuildPhase;
			buildActionMask = 2147483647;
			files = (
				02DBD2E523E073620070D871 /* DMBoxTests.swift in Sources */,
			);
			runOnlyForDeploymentPostprocessing = 0;
		};
/* End PBXSourcesBuildPhase section */

/* Begin PBXTargetDependency section */
		02DBD2E223E073620070D871 /* PBXTargetDependency */ = {
			isa = PBXTargetDependency;
			target = 02DBD2C623E0735C0070D871 /* DMBox */;
			targetProxy = 02DBD2E123E073620070D871 /* PBXContainerItemProxy */;
		};
/* End PBXTargetDependency section */

/* Begin PBXVariantGroup section */
		02DBD2D023E0735C0070D871 /* Main.storyboard */ = {
			isa = PBXVariantGroup;
			children = (
				02DBD2D123E0735C0070D871 /* Base */,
			);
			name = Main.storyboard;
			sourceTree = "<group>";
		};
		02DBD2D823E073620070D871 /* LaunchScreen.storyboard */ = {
			isa = PBXVariantGroup;
			children = (
				02DBD2D923E073620070D871 /* Base */,
			);
			name = LaunchScreen.storyboard;
			sourceTree = "<group>";
		};
/* End PBXVariantGroup section */

/* Begin XCBuildConfiguration section */
		02DBD2E723E073620070D871 /* Debug */ = {
			isa = XCBuildConfiguration;
			buildSettings = {
				ALWAYS_SEARCH_USER_PATHS = NO;
				CLANG_ANALYZER_NONNULL = YES;
				CLANG_ANALYZER_NUMBER_OBJECT_CONVERSION = YES_AGGRESSIVE;
				CLANG_CXX_LANGUAGE_STANDARD = "gnu++14";
				CLANG_CXX_LIBRARY = "libc++";
				CLANG_ENABLE_MODULES = YES;
				CLANG_ENABLE_OBJC_ARC = YES;
				CLANG_ENABLE_OBJC_WEAK = YES;
				CLANG_WARN_BLOCK_CAPTURE_AUTORELEASING = YES;
				CLANG_WARN_BOOL_CONVERSION = YES;
				CLANG_WARN_COMMA = YES;
				CLANG_WARN_CONSTANT_CONVERSION = YES;
				CLANG_WARN_DEPRECATED_OBJC_IMPLEMENTATIONS = YES;
				CLANG_WARN_DIRECT_OBJC_ISA_USAGE = YES_ERROR;
				CLANG_WARN_DOCUMENTATION_COMMENTS = YES;
				CLANG_WARN_EMPTY_BODY = YES;
				CLANG_WARN_ENUM_CONVERSION = YES;
				CLANG_WARN_INFINITE_RECURSION = YES;
				CLANG_WARN_INT_CONVERSION = YES;
				CLANG_WARN_NON_LITERAL_NULL_CONVERSION = YES;
				CLANG_WARN_OBJC_IMPLICIT_RETAIN_SELF = YES;
				CLANG_WARN_OBJC_LITERAL_CONVERSION = YES;
				CLANG_WARN_OBJC_ROOT_CLASS = YES_ERROR;
				CLANG_WARN_RANGE_LOOP_ANALYSIS = YES;
				CLANG_WARN_STRICT_PROTOTYPES = YES;
				CLANG_WARN_SUSPICIOUS_MOVE = YES;
				CLANG_WARN_UNGUARDED_AVAILABILITY = YES_AGGRESSIVE;
				CLANG_WARN_UNREACHABLE_CODE = YES;
				CLANG_WARN__DUPLICATE_METHOD_MATCH = YES;
				COPY_PHASE_STRIP = NO;
				DEBUG_INFORMATION_FORMAT = dwarf;
				ENABLE_STRICT_OBJC_MSGSEND = YES;
				ENABLE_TESTABILITY = YES;
				GCC_C_LANGUAGE_STANDARD = gnu11;
				GCC_DYNAMIC_NO_PIC = NO;
				GCC_NO_COMMON_BLOCKS = YES;
				GCC_OPTIMIZATION_LEVEL = 0;
				GCC_PREPROCESSOR_DEFINITIONS = (
					"DEBUG=1",
					"$(inherited)",
				);
				GCC_WARN_64_TO_32_BIT_CONVERSION = YES;
				GCC_WARN_ABOUT_RETURN_TYPE = YES_ERROR;
				GCC_WARN_UNDECLARED_SELECTOR = YES;
				GCC_WARN_UNINITIALIZED_AUTOS = YES_AGGRESSIVE;
				GCC_WARN_UNUSED_FUNCTION = YES;
				GCC_WARN_UNUSED_VARIABLE = YES;
				IPHONEOS_DEPLOYMENT_TARGET = 13.2;
				MTL_ENABLE_DEBUG_INFO = INCLUDE_SOURCE;
				MTL_FAST_MATH = YES;
				ONLY_ACTIVE_ARCH = YES;
				SDKROOT = iphoneos;
				SWIFT_ACTIVE_COMPILATION_CONDITIONS = DEBUG;
				SWIFT_OPTIMIZATION_LEVEL = "-Onone";
			};
			name = Debug;
		};
		02DBD2E823E073620070D871 /* Release */ = {
			isa = XCBuildConfiguration;
			buildSettings = {
				ALWAYS_SEARCH_USER_PATHS = NO;
				CLANG_ANALYZER_NONNULL = YES;
				CLANG_ANALYZER_NUMBER_OBJECT_CONVERSION = YES_AGGRESSIVE;
				CLANG_CXX_LANGUAGE_STANDARD = "gnu++14";
				CLANG_CXX_LIBRARY = "libc++";
				CLANG_ENABLE_MODULES = YES;
				CLANG_ENABLE_OBJC_ARC = YES;
				CLANG_ENABLE_OBJC_WEAK = YES;
				CLANG_WARN_BLOCK_CAPTURE_AUTORELEASING = YES;
				CLANG_WARN_BOOL_CONVERSION = YES;
				CLANG_WARN_COMMA = YES;
				CLANG_WARN_CONSTANT_CONVERSION = YES;
				CLANG_WARN_DEPRECATED_OBJC_IMPLEMENTATIONS = YES;
				CLANG_WARN_DIRECT_OBJC_ISA_USAGE = YES_ERROR;
				CLANG_WARN_DOCUMENTATION_COMMENTS = YES;
				CLANG_WARN_EMPTY_BODY = YES;
				CLANG_WARN_ENUM_CONVERSION = YES;
				CLANG_WARN_INFINITE_RECURSION = YES;
				CLANG_WARN_INT_CONVERSION = YES;
				CLANG_WARN_NON_LITERAL_NULL_CONVERSION = YES;
				CLANG_WARN_OBJC_IMPLICIT_RETAIN_SELF = YES;
				CLANG_WARN_OBJC_LITERAL_CONVERSION = YES;
				CLANG_WARN_OBJC_ROOT_CLASS = YES_ERROR;
				CLANG_WARN_RANGE_LOOP_ANALYSIS = YES;
				CLANG_WARN_STRICT_PROTOTYPES = YES;
				CLANG_WARN_SUSPICIOUS_MOVE = YES;
				CLANG_WARN_UNGUARDED_AVAILABILITY = YES_AGGRESSIVE;
				CLANG_WARN_UNREACHABLE_CODE = YES;
				CLANG_WARN__DUPLICATE_METHOD_MATCH = YES;
				COPY_PHASE_STRIP = NO;
				DEBUG_INFORMATION_FORMAT = "dwarf-with-dsym";
				ENABLE_NS_ASSERTIONS = NO;
				ENABLE_STRICT_OBJC_MSGSEND = YES;
				GCC_C_LANGUAGE_STANDARD = gnu11;
				GCC_NO_COMMON_BLOCKS = YES;
				GCC_WARN_64_TO_32_BIT_CONVERSION = YES;
				GCC_WARN_ABOUT_RETURN_TYPE = YES_ERROR;
				GCC_WARN_UNDECLARED_SELECTOR = YES;
				GCC_WARN_UNINITIALIZED_AUTOS = YES_AGGRESSIVE;
				GCC_WARN_UNUSED_FUNCTION = YES;
				GCC_WARN_UNUSED_VARIABLE = YES;
				IPHONEOS_DEPLOYMENT_TARGET = 13.2;
				MTL_ENABLE_DEBUG_INFO = NO;
				MTL_FAST_MATH = YES;
				SDKROOT = iphoneos;
				SWIFT_COMPILATION_MODE = wholemodule;
				SWIFT_OPTIMIZATION_LEVEL = "-O";
				VALIDATE_PRODUCT = YES;
			};
			name = Release;
		};
		02DBD2EA23E073620070D871 /* Debug */ = {
			isa = XCBuildConfiguration;
			buildSettings = {
				ASSETCATALOG_COMPILER_APPICON_NAME = AppIcon;
				CODE_SIGN_STYLE = Automatic;
				DEVELOPMENT_TEAM = Z6HYJ5UY9Q;
				INFOPLIST_FILE = DMBox/Info.plist;
				LD_RUNPATH_SEARCH_PATHS = (
					"$(inherited)",
					"@executable_path/Frameworks",
				);
				PRODUCT_BUNDLE_IDENTIFIER = MAC.DMBox;
				PRODUCT_NAME = "$(TARGET_NAME)";
				SWIFT_VERSION = 5.0;
				TARGETED_DEVICE_FAMILY = "1,2";
			};
			name = Debug;
		};
		02DBD2EB23E073620070D871 /* Release */ = {
			isa = XCBuildConfiguration;
			buildSettings = {
				ASSETCATALOG_COMPILER_APPICON_NAME = AppIcon;
				CODE_SIGN_STYLE = Automatic;
				DEVELOPMENT_TEAM = Z6HYJ5UY9Q;
				INFOPLIST_FILE = DMBox/Info.plist;
				LD_RUNPATH_SEARCH_PATHS = (
					"$(inherited)",
					"@executable_path/Frameworks",
				);
				PRODUCT_BUNDLE_IDENTIFIER = MAC.DMBox;
				PRODUCT_NAME = "$(TARGET_NAME)";
				SWIFT_VERSION = 5.0;
				TARGETED_DEVICE_FAMILY = "1,2";
			};
			name = Release;
		};
		02DBD2ED23E073620070D871 /* Debug */ = {
			isa = XCBuildConfiguration;
			buildSettings = {
				ALWAYS_EMBED_SWIFT_STANDARD_LIBRARIES = YES;
				BUNDLE_LOADER = "$(TEST_HOST)";
				CODE_SIGN_STYLE = Automatic;
				DEVELOPMENT_TEAM = Z6HYJ5UY9Q;
				INFOPLIST_FILE = DMBoxTests/Info.plist;
				IPHONEOS_DEPLOYMENT_TARGET = 13.2;
				LD_RUNPATH_SEARCH_PATHS = (
					"$(inherited)",
					"@executable_path/Frameworks",
					"@loader_path/Frameworks",
				);
				PRODUCT_BUNDLE_IDENTIFIER = MAC.DMBoxTests;
				PRODUCT_NAME = "$(TARGET_NAME)";
				SWIFT_VERSION = 5.0;
				TARGETED_DEVICE_FAMILY = "1,2";
				TEST_HOST = "$(BUILT_PRODUCTS_DIR)/DMBox.app/DMBox";
			};
			name = Debug;
		};
		02DBD2EE23E073620070D871 /* Release */ = {
			isa = XCBuildConfiguration;
			buildSettings = {
				ALWAYS_EMBED_SWIFT_STANDARD_LIBRARIES = YES;
				BUNDLE_LOADER = "$(TEST_HOST)";
				CODE_SIGN_STYLE = Automatic;
				DEVELOPMENT_TEAM = Z6HYJ5UY9Q;
				INFOPLIST_FILE = DMBoxTests/Info.plist;
				IPHONEOS_DEPLOYMENT_TARGET = 13.2;
				LD_RUNPATH_SEARCH_PATHS = (
					"$(inherited)",
					"@executable_path/Frameworks",
					"@loader_path/Frameworks",
				);
				PRODUCT_BUNDLE_IDENTIFIER = MAC.DMBoxTests;
				PRODUCT_NAME = "$(TARGET_NAME)";
				SWIFT_VERSION = 5.0;
				TARGETED_DEVICE_FAMILY = "1,2";
				TEST_HOST = "$(BUILT_PRODUCTS_DIR)/DMBox.app/DMBox";
			};
			name = Release;
		};
/* End XCBuildConfiguration section */

/* Begin XCConfigurationList section */
		02DBD2C223E0735C0070D871 /* Build configuration list for PBXProject "DMBox" */ = {
			isa = XCConfigurationList;
			buildConfigurations = (
				02DBD2E723E073620070D871 /* Debug */,
				02DBD2E823E073620070D871 /* Release */,
			);
			defaultConfigurationIsVisible = 0;
			defaultConfigurationName = Release;
		};
		02DBD2E923E073620070D871 /* Build configuration list for PBXNativeTarget "DMBox" */ = {
			isa = XCConfigurationList;
			buildConfigurations = (
				02DBD2EA23E073620070D871 /* Debug */,
				02DBD2EB23E073620070D871 /* Release */,
			);
			defaultConfigurationIsVisible = 0;
			defaultConfigurationName = Release;
		};
		02DBD2EC23E073620070D871 /* Build configuration list for PBXNativeTarget "DMBoxTests" */ = {
			isa = XCConfigurationList;
			buildConfigurations = (
				02DBD2ED23E073620070D871 /* Debug */,
				02DBD2EE23E073620070D871 /* Release */,
			);
			defaultConfigurationIsVisible = 0;
			defaultConfigurationName = Release;
		};
/* End XCConfigurationList section */

/* Begin XCVersionGroup section */
		02DBD2D323E0735C0070D871 /* DMBox.xcdatamodeld */ = {
			isa = XCVersionGroup;
			children = (
				02DBD2D423E0735C0070D871 /* DMBox.xcdatamodel */,
			);
			currentVersion = 02DBD2D423E0735C0070D871 /* DMBox.xcdatamodel */;
			path = DMBox.xcdatamodeld;
			sourceTree = "<group>";
			versionGroupType = wrapper.xcdatamodel;
		};
/* End XCVersionGroup section */
	};
	rootObject = 02DBD2BF23E0735C0070D871 /* Project object */;
}
