// !$*UTF8*$!
{
	archiveVersion = 1;
	classes = {
	};
	objectVersion = 50;
	objects = {

/* Begin PBXBuildFile section */
		02DBD2CB23E0735C0070D871 /* AppDelegate.swift in Sources */ = {isa = PBXBuildFile; fileRef = 02DBD2CA23E0735C0070D871 /* AppDelegate.swift */; };
		02DBD2CD23E0735C0070D871 /* SceneDelegate.swift in Sources */ = {isa = PBXBuildFile; fileRef = 02DBD2CC23E0735C0070D871 /* SceneDelegate.swift */; };
		02DBD2CF23E0735C0070D871 /* ViewController.swift in Sources */ = {isa = PBXBuildFile; fileRef = 02DBD2CE23E0735C0070D871 /* ViewController.swift */; };
		02DBD2D223E0735C0070D871 /* Main.storyboard in Resources */ = {isa = PBXBuildFile; fileRef = 02DBD2D023E0735C0070D871 /* Main.storyboard */; };
		02DBD2D523E0735C0070D871 /* DMBox.xcdatamodeld in Sources */ = {isa = PBXBuildFile; fileRef = 02DBD2D323E0735C0070D871 /* DMBox.xcdatamodeld */; };
		02DBD2D723E073620070D871 /* Assets.xcassets in Resources */ = {isa = PBXBuildFile; fileRef = 02DBD2D623E073620070D871 /* Assets.xcassets */; };
		02DBD2DA23E073620070D871 /* LaunchScreen.storyboard in Resources */ = {isa = PBXBuildFile; fileRef = 02DBD2D823E073620070D871 /* LaunchScreen.storyboard */; };
		02DBD2E523E073620070D871 /* DMBoxTests.swift in Sources */ = {isa = PBXBuildFile; fileRef = 02DBD2E423E073620070D871 /* DMBoxTests.swift */; };
/* End PBXBuildFile section */

/* Begin PBXContainerItemProxy section */
		02DBD2E123E073620070D871 /* PBXContainerItemProxy */ = {
			isa = PBXContainerItemProxy;
			containerPortal = 02DBD2BF23E0735C0070D871 /* Project object */;
			proxyType = 1;
			remoteGlobalIDString = 02DBD2C623E0735C0070D871;
			remoteInfo = DMBox;
		};
/* End PBXContainerItemProxy section */

/* Begin PBXFileReference section */
		02DBD2C723E0735C0070D871 /* DMBox.app */ = {isa = PBXFileReference; explicitFileType = wrapper.application; includeInIndex = 0; path = DMBox.app; sourceTree = BUILT_PRODUCTS_DIR; };
		02DBD2CA23E0735C0070D871 /* AppDelegate.swift */ = {isa = PBXFileReference; lastKnownFileType = sourcecode.swift; path = AppDelegate.swift; sourceTree = "<group>"; };
		02DBD2CC23E0735C0070D871 /* SceneDelegate.swift */ = {isa = PBXFileReference; lastKnownFileType = sourcecode.swift; path = SceneDelegate.swift; sourceTree = "<group>"; };
		02DBD2CE23E0735C0070D871 /* ViewController.swift */ = {isa = PBXFileReference; lastKnownFileType = sourcecode.swift; path = ViewController.swift; sourceTree = "<group>"; };
		02DBD2D123E0735C0070D871 /* Base */ = {isa = PBXFileReference; lastKnownFileType = file.storyboard; name = Base; path = Base.lproj/Main.storyboard; sourceTree = "<group>"; };
		02DBD2D423E0735C0070D871 /* DMBox.xcdatamodel */ = {isa = PBXFileReference; lastKnownFileType = wrapper.xcdatamodel; path = DMBox.xcdatamodel; sourceTree = "<group>"; };
		02DBD2D623E073620070D871 /* Assets.xcassets */ = {isa = PBXFileReference; lastKnownFileType = folder.assetcatalog; path = Assets.xcassets; sourceTree = "<group>"; };
		02DBD2D923E073620070D871 /* Base */ = {isa = PBXFileReference; lastKnownFileType = file.storyboard; name = Base; path = Base.lproj/LaunchScreen.storyboard; sourceTree = "<group>"; };
		02DBD2DB23E073620070D871 /* Info.plist */ = {isa = PBXFileReference; lastKnownFileType = text.plist.xml; path = Info.plist; sourceTree = "<group>"; };
		02DBD2E023E073620070D871 /* DMBoxTests.xctest */ = {isa = PBXFileReference; explicitFileType = wrapper.cfbundle; includeInIndex = 0; path = DMBoxTests.xctest; sourceTree = BUILT_PRODUCTS_DIR; };
		02DBD2E423E073620070D871 /* DMBoxTests.swift */ = {isa = PBXFileReference; lastKnownFileType = sourcecode.swift; path = DMBoxTests.swift; sourceTree = "<group>"; };
		02DBD2E623E073620070D871 /* Info.plist */ = {isa = PBXFileReference; lastKnownFileType = text.plist.xml; path = Info.plist; sourceTree = "<group>"; };
/* End PBXFileReference section */

/* Begin PBXFrameworksBuildPhase section */
		02DBD2C423E0735C0070D871 /* Frameworks */ = {
			isa = PBXFrameworksBuildPhase;
			buildActionMask = 2147483647;
			files = (
			);
			runOnlyForDeploymentPostprocessing = 0;
		};
		02DBD2DD23E073620070D871 /* Frameworks */ = {
			isa = PBXFrameworksBuildPhase;
			buildActionMask = 2147483647;
			files = (
			);
			runOnlyForDeploymentPostprocessing = 0;
		};
/* End PBXFrameworksBuildPhase section */

/* Begin PBXGroup section */
		02DBD2BE23E0735C0070D871 = {
			isa = PBXGroup;
			children = (
				02DBD2C923E0735C0070D871 /* DMBox */,
				02DBD2E323E073620070D871 /* DMBoxTests */,
				02DBD2C823E0735C0070D871 /* Products */,
			);
			sourceTree = "<group>";
		};
		02DBD2C823E0735C0070D871 /* Products */ = {
			isa = PBXGroup;
			children = (
				02DBD2C723E0735C0070D871 /* DMBox.app */,
				02DBD2E023E073620070D871 /* DMBoxTests.xctest */,
			);
			name = Products;
			sourceTree = "<group>";
		};
		02DBD2C923E0735C0070D871 /* DMBox */ = {
			isa = PBXGroup;
			children = (
				02DBD2CA23E0735C0070D871 /* AppDelegate.swift */,
				02DBD2CC23E0735C0070D871 /* SceneDelegate.swift */,
				02DBD2CE23E0735C0070D871 /* ViewController.swift */,
				02DBD2D023E0735C0070D871 /* Main.storyboard */,
				02DBD2D623E073620070D871 /* Assets.xcassets */,
				02DBD2D823E073620070D871 /* LaunchScreen.storyboard */,
				02DBD2DB23E073620070D871 /* Info.plist */,
				02DBD2D323E0735C0070D871 /* DMBox.xcdatamodeld */,
			);
			path = DMBox;
			sourceTree = "<group>";
		};
		02DBD2E323E073620070D871 /* DMBoxTests */ = {
			isa = PBXGroup;
			children = (
				02DBD2E423E073620070D871 /* DMBoxTests.swift */,
				02DBD2E623E073620070D871 /* Info.plist */,
			);
			path = DMBoxTests;
			sourceTree = "<group>";
		};
/* End PBXGroup section */

/* Begin PBXNativeTarget section */
		02DBD2C623E0735C0070D871 /* DMBox */ = {
			isa = PBXNativeTarget;
			buildConfigurationList = 02DBD2E923E073620070D871 /* Build configuration list for PBXNativeTarget "DMBox" */;
			buildPhases = (
				02DBD2C323E0735C0070D871 /* Sources */,
				02DBD2C423E0735C0070D871 /* Frameworks */,
				02DBD2C523E0735C0070D871 /* Resources */,
			);
			buildRules = (
			);
			dependencies = (
			);
			name = DMBox;
			productName = DMBox;
			productReference = 02DBD2C723E0735C0070D871 /* DMBox.app */;
			productType = "com.apple.product-type.application";
		};
		02DBD2DF23E073620070D871 /* DMBoxTests */ = {
			isa = PBXNativeTarget;
			buildConfigurationList = 02DBD2EC23E073620070D871 /* Build configuration list for PBXNativeTarget "DMBoxTests" */;
			buildPhases = (
				02DBD2DC23E073620070D871 /* Sources */,
				02DBD2DD23E073620070D871 /* Frameworks */,
				02DBD2DE23E073620070D871 /* Resources */,
			);
			buildRules = (
			);
			dependencies = (
				02DBD2E223E073620070D871 /* PBXTargetDependency */,
			);
			name = DMBoxTests;
			productName = DMBoxTests;
			productReference = 02DBD2E023E073620070D871 /* DMBoxTests.xctest */;
			productType = "com.apple.product-type.bundle.unit-test";
		};
/* End PBXNativeTarget section */

/* Begin PBXProject section */
		02DBD2BF23E0735C0070D871 /* Project object */ = {
			isa = PBXProject;
			attributes = {
				LastSwiftUpdateCheck = 1130;
				LastUpgradeCheck = 1130;
				ORGANIZATIONNAME = MAC;
				TargetAttributes = {
					02DBD2C623E0735C0070D871 = {
						CreatedOnToolsVersion = 11.3.1;
					};
					02DBD2DF23E073620070D871 = {
						CreatedOnToolsVersion = 11.3.1;
						TestTargetID = 02DBD2C623E0735C0070D871;
					};
				};
			};
			buildConfigurationList = 02DBD2C223E0735C0070D871 /* Build configuration list for PBXProject "DMBox" */;
			compatibilityVersion = "Xcode 9.3";
			developmentRegion = en;
			hasScannedForEncodings = 0;
			knownRegions = (
				en,
				Base,
			);
			mainGroup = 02DBD2BE23E0735C0070D871;
			productRefGroup = 02DBD2C823E0735C0070D871 /* Products */;
			projectDirPath = "";
			projectRoot = "";
			targets = (
				02DBD2C623E0735C0070D871 /* DMBox */,
				02DBD2DF23E073620070D871 /* DMBoxTests */,
			);
		};
/* End PBXProject section */

/* Begin PBXResourcesBuildPhase section */
		02DBD2C523E0735C0070D871 /* Resources */ = {
			isa = PBXResourcesBuildPhase;
			buildActionMask = 2147483647;
			files = (
				02DBD2DA23E073620070D871 /* LaunchScreen.storyboard in Resources */,
				02DBD2D723E073620070D871 /* Assets.xcassets in Resources */,
				02DBD2D223E0735C0070D871 /* Main.storyboard in Resources */,
			);
			runOnlyForDeploymentPostprocessing = 0;
		};
		02DBD2DE23E073620070D871 /* Resources */ = {
			isa = PBXResourcesBuildPhase;
			buildActionMask = 2147483647;
			files = (
			);
			runOnlyForDeploymentPostprocessing = 0;
		};
/* End PBXResourcesBuildPhase section */

/* Begin PBXSourcesBuildPhase section */
		02DBD2C323E0735C0070D871 /* Sources */ = {
			isa = PBXSourcesBuildPhase;
			buildActionMask = 2147483647;
			files = (
				02DBD2D523E0735C0070D871 /* DMBox.xcdatamodeld in Sources */,
				02DBD2CF23E0735C0070D871 /* ViewController.swift in Sources */,
				02DBD2CB23E0735C0070D871 /* AppDelegate.swift in Sources */,
				02DBD2CD23E0735C0070D871 /* SceneDelegate.swift in Sources */,
			);
			runOnlyForDeploymentPostprocessing = 0;
		};
		02DBD2DC23E073620070D871 /* Sources */ = {
			isa = PBXSourcesBuildPhase;
			buildActionMask = 2147483647;
			files = (
				02DBD2E523E073620070D871 /* DMBoxTests.swift in Sources */,
			);
			runOnlyForDeploymentPostprocessing = 0;
		};
/* End PBXSourcesBuildPhase section */

/* Begin PBXTargetDependency section */
		02DBD2E223E073620070D871 /* PBXTargetDependency */ = {
			isa = PBXTargetDependency;
			target = 02DBD2C623E0735C0070D871 /* DMBox */;
			targetProxy = 02DBD2E123E073620070D871 /* PBXContainerItemProxy */;
		};
/* End PBXTargetDependency section */

/* Begin PBXVariantGroup section */
		02DBD2D023E0735C0070D871 /* Main.storyboard */ = {
			isa = PBXVariantGroup;
			children = (
				02DBD2D123E0735C0070D871 /* Base */,
			);
			name = Main.storyboard;
			sourceTree = "<group>";
		};
		02DBD2D823E073620070D871 /* LaunchScreen.storyboard */ = {
			isa = PBXVariantGroup;
			children = (
				02DBD2D923E073620070D871 /* Base */,
			);
			name = LaunchScreen.storyboard;
			sourceTree = "<group>";
		};
/* End PBXVariantGroup section */

/* Begin XCBuildConfiguration section */
		02DBD2E723E073620070D871 /* Debug */ = {
			isa = XCBuildConfiguration;
			buildSettings = {
				ALWAYS_SEARCH_USER_PATHS = NO;
				CLANG_ANALYZER_NONNULL = YES;
				CLANG_ANALYZER_NUMBER_OBJECT_CONVERSION = YES_AGGRESSIVE;
				CLANG_CXX_LANGUAGE_STANDARD = "gnu++14";
				CLANG_CXX_LIBRARY = "libc++";
				CLANG_ENABLE_MODULES = YES;
				CLANG_ENABLE_OBJC_ARC = YES;
				CLANG_ENABLE_OBJC_WEAK = YES;
				CLANG_WARN_BLOCK_CAPTURE_AUTORELEASING = YES;
				CLANG_WARN_BOOL_CONVERSION = YES;
				CLANG_WARN_COMMA = YES;
				CLANG_WARN_CONSTANT_CONVERSION = YES;
				CLANG_WARN_DEPRECATED_OBJC_IMPLEMENTATIONS = YES;
				CLANG_WARN_DIRECT_OBJC_ISA_USAGE = YES_ERROR;
				CLANG_WARN_DOCUMENTATION_COMMENTS = YES;
				CLANG_WARN_EMPTY_BODY = YES;
				CLANG_WARN_ENUM_CONVERSION = YES;
				CLANG_WARN_INFINITE_RECURSION = YES;
				CLANG_WARN_INT_CONVERSION = YES;
				CLANG_WARN_NON_LITERAL_NULL_CONVERSION = YES;
				CLANG_WARN_OBJC_IMPLICIT_RETAIN_SELF = YES;
				CLANG_WARN_OBJC_LITERAL_CONVERSION = YES;
				CLANG_WARN_OBJC_ROOT_CLASS = YES_ERROR;
				CLANG_WARN_RANGE_LOOP_ANALYSIS = YES;
				CLANG_WARN_STRICT_PROTOTYPES = YES;
				CLANG_WARN_SUSPICIOUS_MOVE = YES;
				CLANG_WARN_UNGUARDED_AVAILABILITY = YES_AGGRESSIVE;
				CLANG_WARN_UNREACHABLE_CODE = YES;
				CLANG_WARN__DUPLICATE_METHOD_MATCH = YES;
				COPY_PHASE_STRIP = NO;
				DEBUG_INFORMATION_FORMAT = dwarf;
				ENABLE_STRICT_OBJC_MSGSEND = YES;
				ENABLE_TESTABILITY = YES;
				GCC_C_LANGUAGE_STANDARD = gnu11;
				GCC_DYNAMIC_NO_PIC = NO;
				GCC_NO_COMMON_BLOCKS = YES;
				GCC_OPTIMIZATION_LEVEL = 0;
				GCC_PREPROCESSOR_DEFINITIONS = (
					"DEBUG=1",
					"$(inherited)",
				);
				GCC_WARN_64_TO_32_BIT_CONVERSION = YES;
				GCC_WARN_ABOUT_RETURN_TYPE = YES_ERROR;
				GCC_WARN_UNDECLARED_SELECTOR = YES;
				GCC_WARN_UNINITIALIZED_AUTOS = YES_AGGRESSIVE;
				GCC_WARN_UNUSED_FUNCTION = YES;
				GCC_WARN_UNUSED_VARIABLE = YES;
				IPHONEOS_DEPLOYMENT_TARGET = 13.2;
				MTL_ENABLE_DEBUG_INFO = INCLUDE_SOURCE;
				MTL_FAST_MATH = YES;
				ONLY_ACTIVE_ARCH = YES;
				SDKROOT = iphoneos;
				SWIFT_ACTIVE_COMPILATION_CONDITIONS = DEBUG;
				SWIFT_OPTIMIZATION_LEVEL = "-Onone";
			};
			name = Debug;
		};
		02DBD2E823E073620070D871 /* Release */ = {
			isa = XCBuildConfiguration;
			buildSettings = {
				ALWAYS_SEARCH_USER_PATHS = NO;
				CLANG_ANALYZER_NONNULL = YES;
				CLANG_ANALYZER_NUMBER_OBJECT_CONVERSION = YES_AGGRESSIVE;
				CLANG_CXX_LANGUAGE_STANDARD = "gnu++14";
				CLANG_CXX_LIBRARY = "libc++";
				CLANG_ENABLE_MODULES = YES;
				CLANG_ENABLE_OBJC_ARC = YES;
				CLANG_ENABLE_OBJC_WEAK = YES;
				CLANG_WARN_BLOCK_CAPTURE_AUTORELEASING = YES;
				CLANG_WARN_BOOL_CONVERSION = YES;
				CLANG_WARN_COMMA = YES;
				CLANG_WARN_CONSTANT_CONVERSION = YES;
				CLANG_WARN_DEPRECATED_OBJC_IMPLEMENTATIONS = YES;
				CLANG_WARN_DIRECT_OBJC_ISA_USAGE = YES_ERROR;
				CLANG_WARN_DOCUMENTATION_COMMENTS = YES;
				CLANG_WARN_EMPTY_BODY = YES;
				CLANG_WARN_ENUM_CONVERSION = YES;
				CLANG_WARN_INFINITE_RECURSION = YES;
				CLANG_WARN_INT_CONVERSION = YES;
				CLANG_WARN_NON_LITERAL_NULL_CONVERSION = YES;
				CLANG_WARN_OBJC_IMPLICIT_RETAIN_SELF = YES;
				CLANG_WARN_OBJC_LITERAL_CONVERSION = YES;
				CLANG_WARN_OBJC_ROOT_CLASS = YES_ERROR;
				CLANG_WARN_RANGE_LOOP_ANALYSIS = YES;
				CLANG_WARN_STRICT_PROTOTYPES = YES;
				CLANG_WARN_SUSPICIOUS_MOVE = YES;
				CLANG_WARN_UNGUARDED_AVAILABILITY = YES_AGGRESSIVE;
				CLANG_WARN_UNREACHABLE_CODE = YES;
				CLANG_WARN__DUPLICATE_METHOD_MATCH = YES;
				COPY_PHASE_STRIP = NO;
				DEBUG_INFORMATION_FORMAT = "dwarf-with-dsym";
				ENABLE_NS_ASSERTIONS = NO;
				ENABLE_STRICT_OBJC_MSGSEND = YES;
				GCC_C_LANGUAGE_STANDARD = gnu11;
				GCC_NO_COMMON_BLOCKS = YES;
				GCC_WARN_64_TO_32_BIT_CONVERSION = YES;
				GCC_WARN_ABOUT_RETURN_TYPE = YES_ERROR;
				GCC_WARN_UNDECLARED_SELECTOR = YES;
				GCC_WARN_UNINITIALIZED_AUTOS = YES_AGGRESSIVE;
				GCC_WARN_UNUSED_FUNCTION = YES;
				GCC_WARN_UNUSED_VARIABLE = YES;
				IPHONEOS_DEPLOYMENT_TARGET = 13.2;
				MTL_ENABLE_DEBUG_INFO = NO;
				MTL_FAST_MATH = YES;
				SDKROOT = iphoneos;
				SWIFT_COMPILATION_MODE = wholemodule;
				SWIFT_OPTIMIZATION_LEVEL = "-O";
				VALIDATE_PRODUCT = YES;
			};
			name = Release;
		};
		02DBD2EA23E073620070D871 /* Debug */ = {
			isa = XCBuildConfiguration;
			buildSettings = {
				ASSETCATALOG_COMPILER_APPICON_NAME = AppIcon;
				CODE_SIGN_STYLE = Automatic;
				DEVELOPMENT_TEAM = Z6HYJ5UY9Q;
				INFOPLIST_FILE = DMBox/Info.plist;
				LD_RUNPATH_SEARCH_PATHS = (
					"$(inherited)",
					"@executable_path/Frameworks",
				);
				PRODUCT_BUNDLE_IDENTIFIER = MAC.DMBox;
				PRODUCT_NAME = "$(TARGET_NAME)";
				SWIFT_VERSION = 5.0;
				TARGETED_DEVICE_FAMILY = "1,2";
			};
			name = Debug;
		};
		02DBD2EB23E073620070D871 /* Release */ = {
			isa = XCBuildConfiguration;
			buildSettings = {
				ASSETCATALOG_COMPILER_APPICON_NAME = AppIcon;
				CODE_SIGN_STYLE = Automatic;
				DEVELOPMENT_TEAM = Z6HYJ5UY9Q;
				INFOPLIST_FILE = DMBox/Info.plist;
				LD_RUNPATH_SEARCH_PATHS = (
					"$(inherited)",
					"@executable_path/Frameworks",
				);
				PRODUCT_BUNDLE_IDENTIFIER = MAC.DMBox;
				PRODUCT_NAME = "$(TARGET_NAME)";
				SWIFT_VERSION = 5.0;
				TARGETED_DEVICE_FAMILY = "1,2";
			};
			name = Release;
		};
		02DBD2ED23E073620070D871 /* Debug */ = {
			isa = XCBuildConfiguration;
			buildSettings = {
				ALWAYS_EMBED_SWIFT_STANDARD_LIBRARIES = YES;
				BUNDLE_LOADER = "$(TEST_HOST)";
				CODE_SIGN_STYLE = Automatic;
				DEVELOPMENT_TEAM = Z6HYJ5UY9Q;
				INFOPLIST_FILE = DMBoxTests/Info.plist;
				IPHONEOS_DEPLOYMENT_TARGET = 13.2;
				LD_RUNPATH_SEARCH_PATHS = (
					"$(inherited)",
					"@executable_path/Frameworks",
					"@loader_path/Frameworks",
				);
				PRODUCT_BUNDLE_IDENTIFIER = MAC.DMBoxTests;
				PRODUCT_NAME = "$(TARGET_NAME)";
				SWIFT_VERSION = 5.0;
				TARGETED_DEVICE_FAMILY = "1,2";
				TEST_HOST = "$(BUILT_PRODUCTS_DIR)/DMBox.app/DMBox";
			};
			name = Debug;
		};
		02DBD2EE23E073620070D871 /* Release */ = {
			isa = XCBuildConfiguration;
			buildSettings = {
				ALWAYS_EMBED_SWIFT_STANDARD_LIBRARIES = YES;
				BUNDLE_LOADER = "$(TEST_HOST)";
				CODE_SIGN_STYLE = Automatic;
				DEVELOPMENT_TEAM = Z6HYJ5UY9Q;
				INFOPLIST_FILE = DMBoxTests/Info.plist;
				IPHONEOS_DEPLOYMENT_TARGET = 13.2;
				LD_RUNPATH_SEARCH_PATHS = (
					"$(inherited)",
					"@executable_path/Frameworks",
					"@loader_path/Frameworks",
				);
				PRODUCT_BUNDLE_IDENTIFIER = MAC.DMBoxTests;
				PRODUCT_NAME = "$(TARGET_NAME)";
				SWIFT_VERSION = 5.0;
				TARGETED_DEVICE_FAMILY = "1,2";
				TEST_HOST = "$(BUILT_PRODUCTS_DIR)/DMBox.app/DMBox";
			};
			name = Release;
		};
/* End XCBuildConfiguration section */

/* Begin XCConfigurationList section */
		02DBD2C223E0735C0070D871 /* Build configuration list for PBXProject "DMBox" */ = {
			isa = XCConfigurationList;
			buildConfigurations = (
				02DBD2E723E073620070D871 /* Debug */,
				02DBD2E823E073620070D871 /* Release */,
			);
			defaultConfigurationIsVisible = 0;
			defaultConfigurationName = Release;
		};
		02DBD2E923E073620070D871 /* Build configuration list for PBXNativeTarget "DMBox" */ = {
			isa = XCConfigurationList;
			buildConfigurations = (
				02DBD2EA23E073620070D871 /* Debug */,
				02DBD2EB23E073620070D871 /* Release */,
			);
			defaultConfigurationIsVisible = 0;
			defaultConfigurationName = Release;
		};
		02DBD2EC23E073620070D871 /* Build configuration list for PBXNativeTarget "DMBoxTests" */ = {
			isa = XCConfigurationList;
			buildConfigurations = (
				02DBD2ED23E073620070D871 /* Debug */,
				02DBD2EE23E073620070D871 /* Release */,
			);
			defaultConfigurationIsVisible = 0;
			defaultConfigurationName = Release;
		};
/* End XCConfigurationList section */

/* Begin XCVersionGroup section */
		02DBD2D323E0735C0070D871 /* DMBox.xcdatamodeld */ = {
			isa = XCVersionGroup;
			children = (
				02DBD2D423E0735C0070D871 /* DMBox.xcdatamodel */,
			);
			currentVersion = 02DBD2D423E0735C0070D871 /* DMBox.xcdatamodel */;
			path = DMBox.xcdatamodeld;
			sourceTree = "<group>";
			versionGroupType = wrapper.xcdatamodel;
		};
/* End XCVersionGroup section */
	};
	rootObject = 02DBD2BF23E0735C0070D871 /* Project object */;
}
